
Microsoft Visual Studio Solution File, Format Version 12.00
# Visual Studio Version 16
VisualStudioVersion = 16.0.30225.117
MinimumVisualStudioVersion = 10.0.40219.1
Project("{9A19103F-16F7-4668-BE54-9A1E7A4F7556}") = "SSO-BASE-NOVO", "SSO-BASE-NOVO.csproj", "{BBABDCD6-68A0-494E-856D-0D7F1B7B98BF}"
EndProject
Global
	GlobalSection(SolutionConfigurationPlatforms) = preSolution
		Debug|Any CPU = Debug|Any CPU
		Release|Any CPU = Release|Any CPU
	EndGlobalSection
	GlobalSection(ProjectConfigurationPlatforms) = postSolution
		{BBABDCD6-68A0-494E-856D-0D7F1B7B98BF}.Debug|Any CPU.ActiveCfg = Debug|Any CPU
		{BBABDCD6-68A0-494E-856D-0D7F1B7B98BF}.Debug|Any CPU.Build.0 = Debug|Any CPU
		{BBABDCD6-68A0-494E-856D-0D7F1B7B98BF}.Release|Any CPU.ActiveCfg = Release|Any CPU
		{BBABDCD6-68A0-494E-856D-0D7F1B7B98BF}.Release|Any CPU.Build.0 = Release|Any CPU
	EndGlobalSection
	GlobalSection(SolutionProperties) = preSolution
		HideSolutionNode = FALSE
	EndGlobalSection
	GlobalSection(ExtensibilityGlobals) = postSolution
		SolutionGuid = {DF98C136-3461-4DF3-8447-9758ECECA17F}
	EndGlobalSection
EndGlobal
